
Microsoft Visual Studio Solution File, Format Version 12.00
# Visual Studio Version 17
VisualStudioVersion = 17.4.33213.308
MinimumVisualStudioVersion = 10.0.40219.1
Project("{FAE04EC0-301F-11D3-BF4B-00C04F79EFBC}") = "Product_CatalogAndWarehouse_Inventory", "Product_CatalogAndWarehouse_Inventory\Product_CatalogAndWarehouse_Inventory.csproj", "{3EEEDD44-D55F-44EB-B541-584D2F7776F2}"
EndProject
Global
	GlobalSection(SolutionConfigurationPlatforms) = preSolution
		Debug|Any CPU = Debug|Any CPU
		Release|Any CPU = Release|Any CPU
	EndGlobalSection
	GlobalSection(ProjectConfigurationPlatforms) = postSolution
		{3EEEDD44-D55F-44EB-B541-584D2F7776F2}.Debug|Any CPU.ActiveCfg = Debug|Any CPU
		{3EEEDD44-D55F-44EB-B541-584D2F7776F2}.Debug|Any CPU.Build.0 = Debug|Any CPU
		{3EEEDD44-D55F-44EB-B541-584D2F7776F2}.Release|Any CPU.ActiveCfg = Release|Any CPU
		{3EEEDD44-D55F-44EB-B541-584D2F7776F2}.Release|Any CPU.Build.0 = Release|Any CPU
	EndGlobalSection
	GlobalSection(SolutionProperties) = preSolution
		HideSolutionNode = FALSE
	EndGlobalSection
	GlobalSection(ExtensibilityGlobals) = postSolution
		SolutionGuid = {78A88A40-5068-4A4A-83DC-1B3292C2112F}
	EndGlobalSection
EndGlobal
